// !$*UTF8*$!
{
	archiveVersion = 1;
	classes = {
	};
	objectVersion = 56;
	objects = {

/* Begin PBXBuildFile section */
		69DEB99B294C777900E6DC2A /* kadai8_sako0602_SwiftUIApp.swift in Sources */ = {isa = PBXBuildFile; fileRef = 69DEB99A294C777900E6DC2A /* kadai8_sako0602_SwiftUIApp.swift */; };
		69DEB99D294C777900E6DC2A /* ContentView.swift in Sources */ = {isa = PBXBuildFile; fileRef = 69DEB99C294C777900E6DC2A /* ContentView.swift */; };
		69DEB99F294C778000E6DC2A /* Assets.xcassets in Resources */ = {isa = PBXBuildFile; fileRef = 69DEB99E294C778000E6DC2A /* Assets.xcassets */; };
		69DEB9A2294C778000E6DC2A /* Preview Assets.xcassets in Resources */ = {isa = PBXBuildFile; fileRef = 69DEB9A1294C778000E6DC2A /* Preview Assets.xcassets */; };
		69DEB9CA294DFE5700E6DC2A /* ExperimentView.swift in Sources */ = {isa = PBXBuildFile; fileRef = 69DEB9C9294DFE5700E6DC2A /* ExperimentView.swift */; };
/* End PBXBuildFile section */

/* Begin PBXContainerItemProxy section */
		69DEB9A8294C778000E6DC2A /* PBXContainerItemProxy */ = {
			isa = PBXContainerItemProxy;
			containerPortal = 69DEB98F294C777900E6DC2A /* Project object */;
			proxyType = 1;
			remoteGlobalIDString = 69DEB996294C777900E6DC2A;
			remoteInfo = "kadai8-sako0602-SwiftUI";
		};
		69DEB9B2294C778000E6DC2A /* PBXContainerItemProxy */ = {
			isa = PBXContainerItemProxy;
			containerPortal = 69DEB98F294C777900E6DC2A /* Project object */;
			proxyType = 1;
			remoteGlobalIDString = 69DEB996294C777900E6DC2A;
			remoteInfo = "kadai8-sako0602-SwiftUI";
		};
/* End PBXContainerItemProxy section */

/* Begin PBXFileReference section */
		69DEB997294C777900E6DC2A /* kadai8-sako0602-SwiftUI.app */ = {isa = PBXFileReference; explicitFileType = wrapper.application; includeInIndex = 0; path = "kadai8-sako0602-SwiftUI.app"; sourceTree = BUILT_PRODUCTS_DIR; };
		69DEB99A294C777900E6DC2A /* kadai8_sako0602_SwiftUIApp.swift */ = {isa = PBXFileReference; lastKnownFileType = sourcecode.swift; path = kadai8_sako0602_SwiftUIApp.swift; sourceTree = "<group>"; };
		69DEB99C294C777900E6DC2A /* ContentView.swift */ = {isa = PBXFileReference; lastKnownFileType = sourcecode.swift; path = ContentView.swift; sourceTree = "<group>"; };
		69DEB99E294C778000E6DC2A /* Assets.xcassets */ = {isa = PBXFileReference; lastKnownFileType = folder.assetcatalog; path = Assets.xcassets; sourceTree = "<group>"; };
		69DEB9A1294C778000E6DC2A /* Preview Assets.xcassets */ = {isa = PBXFileReference; lastKnownFileType = folder.assetcatalog; path = "Preview Assets.xcassets"; sourceTree = "<group>"; };
		69DEB9A7294C778000E6DC2A /* kadai8-sako0602-SwiftUITests.xctest */ = {isa = PBXFileReference; explicitFileType = wrapper.cfbundle; includeInIndex = 0; path = "kadai8-sako0602-SwiftUITests.xctest"; sourceTree = BUILT_PRODUCTS_DIR; };
		69DEB9B1294C778000E6DC2A /* kadai8-sako0602-SwiftUIUITests.xctest */ = {isa = PBXFileReference; explicitFileType = wrapper.cfbundle; includeInIndex = 0; path = "kadai8-sako0602-SwiftUIUITests.xctest"; sourceTree = BUILT_PRODUCTS_DIR; };
		69DEB9C8294DEC1400E6DC2A /* MyPlayground.playground */ = {isa = PBXFileReference; lastKnownFileType = file.playground; path = MyPlayground.playground; sourceTree = "<group>"; xcLanguageSpecificationIdentifier = xcode.lang.swift; };
		69DEB9C9294DFE5700E6DC2A /* ExperimentView.swift */ = {isa = PBXFileReference; lastKnownFileType = sourcecode.swift; path = ExperimentView.swift; sourceTree = "<group>"; };
/* End PBXFileReference section */

/* Begin PBXFrameworksBuildPhase section */
		69DEB994294C777900E6DC2A /* Frameworks */ = {
			isa = PBXFrameworksBuildPhase;
			buildActionMask = 2147483647;
			files = (
			);
			runOnlyForDeploymentPostprocessing = 0;
		};
		69DEB9A4294C778000E6DC2A /* Frameworks */ = {
			isa = PBXFrameworksBuildPhase;
			buildActionMask = 2147483647;
			files = (
			);
			runOnlyForDeploymentPostprocessing = 0;
		};
		69DEB9AE294C778000E6DC2A /* Frameworks */ = {
			isa = PBXFrameworksBuildPhase;
			buildActionMask = 2147483647;
			files = (
			);
			runOnlyForDeploymentPostprocessing = 0;
		};
/* End PBXFrameworksBuildPhase section */

/* Begin PBXGroup section */
		69DEB98E294C777900E6DC2A = {
			isa = PBXGroup;
			children = (
				69DEB999294C777900E6DC2A /* kadai8-sako0602-SwiftUI */,
				69DEB998294C777900E6DC2A /* Products */,
			);
			sourceTree = "<group>";
		};
		69DEB998294C777900E6DC2A /* Products */ = {
			isa = PBXGroup;
			children = (
				69DEB997294C777900E6DC2A /* kadai8-sako0602-SwiftUI.app */,
				69DEB9A7294C778000E6DC2A /* kadai8-sako0602-SwiftUITests.xctest */,
				69DEB9B1294C778000E6DC2A /* kadai8-sako0602-SwiftUIUITests.xctest */,
			);
			name = Products;
			sourceTree = "<group>";
		};
		69DEB999294C777900E6DC2A /* kadai8-sako0602-SwiftUI */ = {
			isa = PBXGroup;
			children = (
				69DEB99A294C777900E6DC2A /* kadai8_sako0602_SwiftUIApp.swift */,
				69DEB99C294C777900E6DC2A /* ContentView.swift */,
				69DEB9C9294DFE5700E6DC2A /* ExperimentView.swift */,
				69DEB9C8294DEC1400E6DC2A /* MyPlayground.playground */,
				69DEB99E294C778000E6DC2A /* Assets.xcassets */,
				69DEB9A0294C778000E6DC2A /* Preview Content */,
			);
			path = "kadai8-sako0602-SwiftUI";
			sourceTree = "<group>";
		};
		69DEB9A0294C778000E6DC2A /* Preview Content */ = {
			isa = PBXGroup;
			children = (
				69DEB9A1294C778000E6DC2A /* Preview Assets.xcassets */,
			);
			path = "Preview Content";
			sourceTree = "<group>";
		};
/* End PBXGroup section */

/* Begin PBXNativeTarget section */
		69DEB996294C777900E6DC2A /* kadai8-sako0602-SwiftUI */ = {
			isa = PBXNativeTarget;
			buildConfigurationList = 69DEB9BB294C778000E6DC2A /* Build configuration list for PBXNativeTarget "kadai8-sako0602-SwiftUI" */;
			buildPhases = (
				69DEB993294C777900E6DC2A /* Sources */,
				69DEB994294C777900E6DC2A /* Frameworks */,
				69DEB995294C777900E6DC2A /* Resources */,
			);
			buildRules = (
			);
			dependencies = (
			);
			name = "kadai8-sako0602-SwiftUI";
			productName = "kadai8-sako0602-SwiftUI";
			productReference = 69DEB997294C777900E6DC2A /* kadai8-sako0602-SwiftUI.app */;
			productType = "com.apple.product-type.application";
		};
		69DEB9A6294C778000E6DC2A /* kadai8-sako0602-SwiftUITests */ = {
			isa = PBXNativeTarget;
			buildConfigurationList = 69DEB9BE294C778000E6DC2A /* Build configuration list for PBXNativeTarget "kadai8-sako0602-SwiftUITests" */;
			buildPhases = (
				69DEB9A3294C778000E6DC2A /* Sources */,
				69DEB9A4294C778000E6DC2A /* Frameworks */,
				69DEB9A5294C778000E6DC2A /* Resources */,
			);
			buildRules = (
			);
			dependencies = (
				69DEB9A9294C778000E6DC2A /* PBXTargetDependency */,
			);
			name = "kadai8-sako0602-SwiftUITests";
			productName = "kadai8-sako0602-SwiftUITests";
			productReference = 69DEB9A7294C778000E6DC2A /* kadai8-sako0602-SwiftUITests.xctest */;
			productType = "com.apple.product-type.bundle.unit-test";
		};
		69DEB9B0294C778000E6DC2A /* kadai8-sako0602-SwiftUIUITests */ = {
			isa = PBXNativeTarget;
			buildConfigurationList = 69DEB9C1294C778000E6DC2A /* Build configuration list for PBXNativeTarget "kadai8-sako0602-SwiftUIUITests" */;
			buildPhases = (
				69DEB9AD294C778000E6DC2A /* Sources */,
				69DEB9AE294C778000E6DC2A /* Frameworks */,
				69DEB9AF294C778000E6DC2A /* Resources */,
			);
			buildRules = (
			);
			dependencies = (
				69DEB9B3294C778000E6DC2A /* PBXTargetDependency */,
			);
			name = "kadai8-sako0602-SwiftUIUITests";
			productName = "kadai8-sako0602-SwiftUIUITests";
			productReference = 69DEB9B1294C778000E6DC2A /* kadai8-sako0602-SwiftUIUITests.xctest */;
			productType = "com.apple.product-type.bundle.ui-testing";
		};
/* End PBXNativeTarget section */

/* Begin PBXProject section */
		69DEB98F294C777900E6DC2A /* Project object */ = {
			isa = PBXProject;
			attributes = {
				BuildIndependentTargetsInParallel = 1;
				LastSwiftUpdateCheck = 1410;
				LastUpgradeCheck = 1410;
				TargetAttributes = {
					69DEB996294C777900E6DC2A = {
						CreatedOnToolsVersion = 14.1;
					};
					69DEB9A6294C778000E6DC2A = {
						CreatedOnToolsVersion = 14.1;
						TestTargetID = 69DEB996294C777900E6DC2A;
					};
					69DEB9B0294C778000E6DC2A = {
						CreatedOnToolsVersion = 14.1;
						TestTargetID = 69DEB996294C777900E6DC2A;
					};
				};
			};
			buildConfigurationList = 69DEB992294C777900E6DC2A /* Build configuration list for PBXProject "kadai8-sako0602-SwiftUI" */;
			compatibilityVersion = "Xcode 14.0";
			developmentRegion = en;
			hasScannedForEncodings = 0;
			knownRegions = (
				en,
				Base,
			);
			mainGroup = 69DEB98E294C777900E6DC2A;
			productRefGroup = 69DEB998294C777900E6DC2A /* Products */;
			projectDirPath = "";
			projectRoot = "";
			targets = (
				69DEB996294C777900E6DC2A /* kadai8-sako0602-SwiftUI */,
				69DEB9A6294C778000E6DC2A /* kadai8-sako0602-SwiftUITests */,
				69DEB9B0294C778000E6DC2A /* kadai8-sako0602-SwiftUIUITests */,
			);
		};
/* End PBXProject section */

/* Begin PBXResourcesBuildPhase section */
		69DEB995294C777900E6DC2A /* Resources */ = {
			isa = PBXResourcesBuildPhase;
			buildActionMask = 2147483647;
			files = (
				69DEB9A2294C778000E6DC2A /* Preview Assets.xcassets in Resources */,
				69DEB99F294C778000E6DC2A /* Assets.xcassets in Resources */,
			);
			runOnlyForDeploymentPostprocessing = 0;
		};
		69DEB9A5294C778000E6DC2A /* Resources */ = {
			isa = PBXResourcesBuildPhase;
			buildActionMask = 2147483647;
			files = (
			);
			runOnlyForDeploymentPostprocessing = 0;
		};
		69DEB9AF294C778000E6DC2A /* Resources */ = {
			isa = PBXResourcesBuildPhase;
			buildActionMask = 2147483647;
			files = (
			);
			runOnlyForDeploymentPostprocessing = 0;
		};
/* End PBXResourcesBuildPhase section */

/* Begin PBXSourcesBuildPhase section */
		69DEB993294C777900E6DC2A /* Sources */ = {
			isa = PBXSourcesBuildPhase;
			buildActionMask = 2147483647;
			files = (
				69DEB9CA294DFE5700E6DC2A /* ExperimentView.swift in Sources */,
				69DEB99D294C777900E6DC2A /* ContentView.swift in Sources */,
				69DEB99B294C777900E6DC2A /* kadai8_sako0602_SwiftUIApp.swift in Sources */,
			);
			runOnlyForDeploymentPostprocessing = 0;
		};
		69DEB9A3294C778000E6DC2A /* Sources */ = {
			isa = PBXSourcesBuildPhase;
			buildActionMask = 2147483647;
			files = (
			);
			runOnlyForDeploymentPostprocessing = 0;
		};
		69DEB9AD294C778000E6DC2A /* Sources */ = {
			isa = PBXSourcesBuildPhase;
			buildActionMask = 2147483647;
			files = (
			);
			runOnlyForDeploymentPostprocessing = 0;
		};
/* End PBXSourcesBuildPhase section */

/* Begin PBXTargetDependency section */
		69DEB9A9294C778000E6DC2A /* PBXTargetDependency */ = {
			isa = PBXTargetDependency;
			target = 69DEB996294C777900E6DC2A /* kadai8-sako0602-SwiftUI */;
			targetProxy = 69DEB9A8294C778000E6DC2A /* PBXContainerItemProxy */;
		};
		69DEB9B3294C778000E6DC2A /* PBXTargetDependency */ = {
			isa = PBXTargetDependency;
			target = 69DEB996294C777900E6DC2A /* kadai8-sako0602-SwiftUI */;
			targetProxy = 69DEB9B2294C778000E6DC2A /* PBXContainerItemProxy */;
		};
/* End PBXTargetDependency section */

/* Begin XCBuildConfiguration section */
		69DEB9B9294C778000E6DC2A /* Debug */ = {
			isa = XCBuildConfiguration;
			buildSettings = {
				ALWAYS_SEARCH_USER_PATHS = NO;
				CLANG_ANALYZER_NONNULL = YES;
				CLANG_ANALYZER_NUMBER_OBJECT_CONVERSION = YES_AGGRESSIVE;
				CLANG_CXX_LANGUAGE_STANDARD = "gnu++20";
				CLANG_ENABLE_MODULES = YES;
				CLANG_ENABLE_OBJC_ARC = YES;
				CLANG_ENABLE_OBJC_WEAK = YES;
				CLANG_WARN_BLOCK_CAPTURE_AUTORELEASING = YES;
				CLANG_WARN_BOOL_CONVERSION = YES;
				CLANG_WARN_COMMA = YES;
				CLANG_WARN_CONSTANT_CONVERSION = YES;
				CLANG_WARN_DEPRECATED_OBJC_IMPLEMENTATIONS = YES;
				CLANG_WARN_DIRECT_OBJC_ISA_USAGE = YES_ERROR;
				CLANG_WARN_DOCUMENTATION_COMMENTS = YES;
				CLANG_WARN_EMPTY_BODY = YES;
				CLANG_WARN_ENUM_CONVERSION = YES;
				CLANG_WARN_INFINITE_RECURSION = YES;
				CLANG_WARN_INT_CONVERSION = YES;
				CLANG_WARN_NON_LITERAL_NULL_CONVERSION = YES;
				CLANG_WARN_OBJC_IMPLICIT_RETAIN_SELF = YES;
				CLANG_WARN_OBJC_LITERAL_CONVERSION = YES;
				CLANG_WARN_OBJC_ROOT_CLASS = YES_ERROR;
				CLANG_WARN_QUOTED_INCLUDE_IN_FRAMEWORK_HEADER = YES;
				CLANG_WARN_RANGE_LOOP_ANALYSIS = YES;
				CLANG_WARN_STRICT_PROTOTYPES = YES;
				CLANG_WARN_SUSPICIOUS_MOVE = YES;
				CLANG_WARN_UNGUARDED_AVAILABILITY = YES_AGGRESSIVE;
				CLANG_WARN_UNREACHABLE_CODE = YES;
				CLANG_WARN__DUPLICATE_METHOD_MATCH = YES;
				COPY_PHASE_STRIP = NO;
				DEBUG_INFORMATION_FORMAT = dwarf;
				ENABLE_STRICT_OBJC_MSGSEND = YES;
				ENABLE_TESTABILITY = YES;
				GCC_C_LANGUAGE_STANDARD = gnu11;
				GCC_DYNAMIC_NO_PIC = NO;
				GCC_NO_COMMON_BLOCKS = YES;
				GCC_OPTIMIZATION_LEVEL = 0;
				GCC_PREPROCESSOR_DEFINITIONS = (
					"DEBUG=1",
					"$(inherited)",
				);
				GCC_WARN_64_TO_32_BIT_CONVERSION = YES;
				GCC_WARN_ABOUT_RETURN_TYPE = YES_ERROR;
				GCC_WARN_UNDECLARED_SELECTOR = YES;
				GCC_WARN_UNINITIALIZED_AUTOS = YES_AGGRESSIVE;
				GCC_WARN_UNUSED_FUNCTION = YES;
				GCC_WARN_UNUSED_VARIABLE = YES;
				IPHONEOS_DEPLOYMENT_TARGET = 16.1;
				MTL_ENABLE_DEBUG_INFO = INCLUDE_SOURCE;
				MTL_FAST_MATH = YES;
				ONLY_ACTIVE_ARCH = YES;
				SDKROOT = iphoneos;
				SWIFT_ACTIVE_COMPILATION_CONDITIONS = DEBUG;
				SWIFT_OPTIMIZATION_LEVEL = "-Onone";
			};
			name = Debug;
		};
		69DEB9BA294C778000E6DC2A /* Release */ = {
			isa = XCBuildConfiguration;
			buildSettings = {
				ALWAYS_SEARCH_USER_PATHS = NO;
				CLANG_ANALYZER_NONNULL = YES;
				CLANG_ANALYZER_NUMBER_OBJECT_CONVERSION = YES_AGGRESSIVE;
				CLANG_CXX_LANGUAGE_STANDARD = "gnu++20";
				CLANG_ENABLE_MODULES = YES;
				CLANG_ENABLE_OBJC_ARC = YES;
				CLANG_ENABLE_OBJC_WEAK = YES;
				CLANG_WARN_BLOCK_CAPTURE_AUTORELEASING = YES;
				CLANG_WARN_BOOL_CONVERSION = YES;
				CLANG_WARN_COMMA = YES;
				CLANG_WARN_CONSTANT_CONVERSION = YES;
				CLANG_WARN_DEPRECATED_OBJC_IMPLEMENTATIONS = YES;
				CLANG_WARN_DIRECT_OBJC_ISA_USAGE = YES_ERROR;
				CLANG_WARN_DOCUMENTATION_COMMENTS = YES;
				CLANG_WARN_EMPTY_BODY = YES;
				CLANG_WARN_ENUM_CONVERSION = YES;
				CLANG_WARN_INFINITE_RECURSION = YES;
				CLANG_WARN_INT_CONVERSION = YES;
				CLANG_WARN_NON_LITERAL_NULL_CONVERSION = YES;
				CLANG_WARN_OBJC_IMPLICIT_RETAIN_SELF = YES;
				CLANG_WARN_OBJC_LITERAL_CONVERSION = YES;
				CLANG_WARN_OBJC_ROOT_CLASS = YES_ERROR;
				CLANG_WARN_QUOTED_INCLUDE_IN_FRAMEWORK_HEADER = YES;
				CLANG_WARN_RANGE_LOOP_ANALYSIS = YES;
				CLANG_WARN_STRICT_PROTOTYPES = YES;
				CLANG_WARN_SUSPICIOUS_MOVE = YES;
				CLANG_WARN_UNGUARDED_AVAILABILITY = YES_AGGRESSIVE;
				CLANG_WARN_UNREACHABLE_CODE = YES;
				CLANG_WARN__DUPLICATE_METHOD_MATCH = YES;
				COPY_PHASE_STRIP = NO;
				DEBUG_INFORMATION_FORMAT = "dwarf-with-dsym";
				ENABLE_NS_ASSERTIONS = NO;
				ENABLE_STRICT_OBJC_MSGSEND = YES;
				GCC_C_LANGUAGE_STANDARD = gnu11;
				GCC_NO_COMMON_BLOCKS = YES;
				GCC_WARN_64_TO_32_BIT_CONVERSION = YES;
				GCC_WARN_ABOUT_RETURN_TYPE = YES_ERROR;
				GCC_WARN_UNDECLARED_SELECTOR = YES;
				GCC_WARN_UNINITIALIZED_AUTOS = YES_AGGRESSIVE;
				GCC_WARN_UNUSED_FUNCTION = YES;
				GCC_WARN_UNUSED_VARIABLE = YES;
				IPHONEOS_DEPLOYMENT_TARGET = 16.1;
				MTL_ENABLE_DEBUG_INFO = NO;
				MTL_FAST_MATH = YES;
				SDKROOT = iphoneos;
				SWIFT_COMPILATION_MODE = wholemodule;
				SWIFT_OPTIMIZATION_LEVEL = "-O";
				VALIDATE_PRODUCT = YES;
			};
			name = Release;
		};
		69DEB9BC294C778000E6DC2A /* Debug */ = {
			isa = XCBuildConfiguration;
			buildSettings = {
				ASSETCATALOG_COMPILER_APPICON_NAME = AppIcon;
				ASSETCATALOG_COMPILER_GLOBAL_ACCENT_COLOR_NAME = AccentColor;
				CODE_SIGN_STYLE = Automatic;
				CURRENT_PROJECT_VERSION = 1;
				DEVELOPMENT_ASSET_PATHS = "\"kadai8-sako0602-SwiftUI/Preview Content\"";
				ENABLE_PREVIEWS = YES;
				GENERATE_INFOPLIST_FILE = YES;
				INFOPLIST_KEY_UIApplicationSceneManifest_Generation = YES;
				INFOPLIST_KEY_UIApplicationSupportsIndirectInputEvents = YES;
				INFOPLIST_KEY_UILaunchScreen_Generation = YES;
				INFOPLIST_KEY_UISupportedInterfaceOrientations_iPad = "UIInterfaceOrientationPortrait UIInterfaceOrientationPortraitUpsideDown UIInterfaceOrientationLandscapeLeft UIInterfaceOrientationLandscapeRight";
				INFOPLIST_KEY_UISupportedInterfaceOrientations_iPhone = "UIInterfaceOrientationPortrait UIInterfaceOrientationLandscapeLeft UIInterfaceOrientationLandscapeRight";
				LD_RUNPATH_SEARCH_PATHS = (
					"$(inherited)",
					"@executable_path/Frameworks",
				);
				MARKETING_VERSION = 1.0;
				PRODUCT_BUNDLE_IDENTIFIER = "com.sako.kadai8-sako0602-SwiftUI";
				PRODUCT_NAME = "$(TARGET_NAME)";
				SWIFT_EMIT_LOC_STRINGS = YES;
				SWIFT_VERSION = 5.0;
				TARGETED_DEVICE_FAMILY = "1,2";
			};
			name = Debug;
		};
		69DEB9BD294C778000E6DC2A /* Release */ = {
			isa = XCBuildConfiguration;
			buildSettings = {
				ASSETCATALOG_COMPILER_APPICON_NAME = AppIcon;
				ASSETCATALOG_COMPILER_GLOBAL_ACCENT_COLOR_NAME = AccentColor;
				CODE_SIGN_STYLE = Automatic;
				CURRENT_PROJECT_VERSION = 1;
				DEVELOPMENT_ASSET_PATHS = "\"kadai8-sako0602-SwiftUI/Preview Content\"";
				ENABLE_PREVIEWS = YES;
				GENERATE_INFOPLIST_FILE = YES;
				INFOPLIST_KEY_UIApplicationSceneManifest_Generation = YES;
				INFOPLIST_KEY_UIApplicationSupportsIndirectInputEvents = YES;
				INFOPLIST_KEY_UILaunchScreen_Generation = YES;
				INFOPLIST_KEY_UISupportedInterfaceOrientations_iPad = "UIInterfaceOrientationPortrait UIInterfaceOrientationPortraitUpsideDown UIInterfaceOrientationLandscapeLeft UIInterfaceOrientationLandscapeRight";
				INFOPLIST_KEY_UISupportedInterfaceOrientations_iPhone = "UIInterfaceOrientationPortrait UIInterfaceOrientationLandscapeLeft UIInterfaceOrientationLandscapeRight";
				LD_RUNPATH_SEARCH_PATHS = (
					"$(inherited)",
					"@executable_path/Frameworks",
				);
				MARKETING_VERSION = 1.0;
				PRODUCT_BUNDLE_IDENTIFIER = "com.sako.kadai8-sako0602-SwiftUI";
				PRODUCT_NAME = "$(TARGET_NAME)";
				SWIFT_EMIT_LOC_STRINGS = YES;
				SWIFT_VERSION = 5.0;
				TARGETED_DEVICE_FAMILY = "1,2";
			};
			name = Release;
		};
		69DEB9BF294C778000E6DC2A /* Debug */ = {
			isa = XCBuildConfiguration;
			buildSettings = {
				ALWAYS_EMBED_SWIFT_STANDARD_LIBRARIES = YES;
				BUNDLE_LOADER = "$(TEST_HOST)";
				CODE_SIGN_STYLE = Automatic;
				CURRENT_PROJECT_VERSION = 1;
				GENERATE_INFOPLIST_FILE = YES;
				IPHONEOS_DEPLOYMENT_TARGET = 16.1;
				MARKETING_VERSION = 1.0;
				PRODUCT_BUNDLE_IDENTIFIER = "com.sako.kadai8-sako0602-SwiftUITests";
				PRODUCT_NAME = "$(TARGET_NAME)";
				SWIFT_EMIT_LOC_STRINGS = NO;
				SWIFT_VERSION = 5.0;
				TARGETED_DEVICE_FAMILY = "1,2";
				TEST_HOST = "$(BUILT_PRODUCTS_DIR)/kadai8-sako0602-SwiftUI.app/$(BUNDLE_EXECUTABLE_FOLDER_PATH)/kadai8-sako0602-SwiftUI";
			};
			name = Debug;
		};
		69DEB9C0294C778000E6DC2A /* Release */ = {
			isa = XCBuildConfiguration;
			buildSettings = {
				ALWAYS_EMBED_SWIFT_STANDARD_LIBRARIES = YES;
				BUNDLE_LOADER = "$(TEST_HOST)";
				CODE_SIGN_STYLE = Automatic;
				CURRENT_PROJECT_VERSION = 1;
				GENERATE_INFOPLIST_FILE = YES;
				IPHONEOS_DEPLOYMENT_TARGET = 16.1;
				MARKETING_VERSION = 1.0;
				PRODUCT_BUNDLE_IDENTIFIER = "com.sako.kadai8-sako0602-SwiftUITests";
				PRODUCT_NAME = "$(TARGET_NAME)";
				SWIFT_EMIT_LOC_STRINGS = NO;
				SWIFT_VERSION = 5.0;
				TARGETED_DEVICE_FAMILY = "1,2";
				TEST_HOST = "$(BUILT_PRODUCTS_DIR)/kadai8-sako0602-SwiftUI.app/$(BUNDLE_EXECUTABLE_FOLDER_PATH)/kadai8-sako0602-SwiftUI";
			};
			name = Release;
		};
		69DEB9C2294C778000E6DC2A /* Debug */ = {
			isa = XCBuildConfiguration;
			buildSettings = {
				ALWAYS_EMBED_SWIFT_STANDARD_LIBRARIES = YES;
				CODE_SIGN_STYLE = Automatic;
				CURRENT_PROJECT_VERSION = 1;
				GENERATE_INFOPLIST_FILE = YES;
				MARKETING_VERSION = 1.0;
				PRODUCT_BUNDLE_IDENTIFIER = "com.sako.kadai8-sako0602-SwiftUIUITests";
				PRODUCT_NAME = "$(TARGET_NAME)";
				SWIFT_EMIT_LOC_STRINGS = NO;
				SWIFT_VERSION = 5.0;
				TARGETED_DEVICE_FAMILY = "1,2";
				TEST_TARGET_NAME = "kadai8-sako0602-SwiftUI";
			};
			name = Debug;
		};
		69DEB9C3294C778000E6DC2A /* Release */ = {
			isa = XCBuildConfiguration;
			buildSettings = {
				ALWAYS_EMBED_SWIFT_STANDARD_LIBRARIES = YES;
				CODE_SIGN_STYLE = Automatic;
				CURRENT_PROJECT_VERSION = 1;
				GENERATE_INFOPLIST_FILE = YES;
				MARKETING_VERSION = 1.0;
				PRODUCT_BUNDLE_IDENTIFIER = "com.sako.kadai8-sako0602-SwiftUIUITests";
				PRODUCT_NAME = "$(TARGET_NAME)";
				SWIFT_EMIT_LOC_STRINGS = NO;
				SWIFT_VERSION = 5.0;
				TARGETED_DEVICE_FAMILY = "1,2";
				TEST_TARGET_NAME = "kadai8-sako0602-SwiftUI";
			};
			name = Release;
		};
/* End XCBuildConfiguration section */

/* Begin XCConfigurationList section */
		69DEB992294C777900E6DC2A /* Build configuration list for PBXProject "kadai8-sako0602-SwiftUI" */ = {
			isa = XCConfigurationList;
			buildConfigurations = (
				69DEB9B9294C778000E6DC2A /* Debug */,
				69DEB9BA294C778000E6DC2A /* Release */,
			);
			defaultConfigurationIsVisible = 0;
			defaultConfigurationName = Release;
		};
		69DEB9BB294C778000E6DC2A /* Build configuration list for PBXNativeTarget "kadai8-sako0602-SwiftUI" */ = {
			isa = XCConfigurationList;
			buildConfigurations = (
				69DEB9BC294C778000E6DC2A /* Debug */,
				69DEB9BD294C778000E6DC2A /* Release */,
			);
			defaultConfigurationIsVisible = 0;
			defaultConfigurationName = Release;
		};
		69DEB9BE294C778000E6DC2A /* Build configuration list for PBXNativeTarget "kadai8-sako0602-SwiftUITests" */ = {
			isa = XCConfigurationList;
			buildConfigurations = (
				69DEB9BF294C778000E6DC2A /* Debug */,
				69DEB9C0294C778000E6DC2A /* Release */,
			);
			defaultConfigurationIsVisible = 0;
			defaultConfigurationName = Release;
		};
		69DEB9C1294C778000E6DC2A /* Build configuration list for PBXNativeTarget "kadai8-sako0602-SwiftUIUITests" */ = {
			isa = XCConfigurationList;
			buildConfigurations = (
				69DEB9C2294C778000E6DC2A /* Debug */,
				69DEB9C3294C778000E6DC2A /* Release */,
			);
			defaultConfigurationIsVisible = 0;
			defaultConfigurationName = Release;
		};
/* End XCConfigurationList section */
	};
	rootObject = 69DEB98F294C777900E6DC2A /* Project object */;
}
